<?xml version="1.0" encoding="utf-8"?>
<Project ToolsVersion="4.0" xmlns="http://schemas.microsoft.com/developer/msbuild/2003">
  <ItemGroup>
    <Filter Include="源文件">
      <UniqueIdentifier>{4FC737F1-C7A5-4376-A066-2A32D752A2FF}</UniqueIdentifier>
      <Extensions>cpp;c;cc;cxx;def;odl;idl;hpj;bat;asm;asmx</Extensions>
    </Filter>
    <Filter Include="头文件">
      <UniqueIdentifier>{93995380-89BD-4b04-88EB-625FBE52EBFB}</UniqueIdentifier>
      <Extensions>h;hpp;hxx;hm;inl;inc;xsd</Extensions>
    </Filter>
    <Filter Include="资源文件">
      <UniqueIdentifier>{67DA6AB6-F800-4c08-8B7A-83BB121AAD01}</UniqueIdentifier>
      <Extensions>rc;ico;cur;bmp;dlg;rc2;rct;bin;rgs;gif;jpg;jpeg;jpe;resx;tiff;tif;png;wav;mfcribbon-ms</Extensions>
    </Filter>
    <Filter Include="util">
      <UniqueIdentifier>{668bc498-d9ef-414c-85e2-c28c9479bb91}</UniqueIdentifier>
    </Filter>
  </ItemGroup>
  <ItemGroup>
    <ClInclude Include="..\..\rpc\gen-cpp\IpcManageServer.h">
      <Filter>头文件</Filter>
    </ClInclude>
    <ClInclude Include="..\..\rpc\gen-cpp\IpcManageServer_constants.h">
      <Filter>头文件</Filter>
    </ClInclude>
    <ClInclude Include="..\..\rpc\gen-cpp\IpcManageServer_types.h">
      <Filter>头文件</Filter>
    </ClInclude>
    <ClInclude Include="..\..\rpc\gen-cpp\OperateStruct_constants.h">
      <Filter>头文件</Filter>
    </ClInclude>
    <ClInclude Include="..\..\rpc\gen-cpp\OperateStruct_types.h">
      <Filter>头文件</Filter>
    </ClInclude>
    <ClInclude Include="..\..\rpc\gen-cpp\ReturnStruct_constants.h">
      <Filter>头文件</Filter>
    </ClInclude>
    <ClInclude Include="..\..\rpc\gen-cpp\ReturnStruct_types.h">
      <Filter>头文件</Filter>
    </ClInclude>
    <ClInclude Include="..\..\rpc\gen-cpp\IpcManageServerHandler.h">
      <Filter>头文件</Filter>
    </ClInclude>
    <ClInclude Include="..\..\rpc\gen-cpp\IpcManageTools.h">
      <Filter>头文件</Filter>
    </ClInclude>
    <ClInclude Include="..\..\rpc\gen-cpp\MediaManagerStruct_constants.h">
      <Filter>头文件</Filter>
    </ClInclude>
    <ClInclude Include="..\..\rpc\gen-cpp\MediaManagerStruct_types.h">
      <Filter>头文件</Filter>
    </ClInclude>
    <ClInclude Include="..\..\rpc\gen-cpp\MediaManageTools.h">
      <Filter>头文件</Filter>
    </ClInclude>
    <ClInclude Include="Tools.h">
      <Filter>util</Filter>
    </ClInclude>
    <ClInclude Include="..\..\rpc\gen-cpp\log.h">
      <Filter>头文件</Filter>
    </ClInclude>
  </ItemGroup>
  <ItemGroup>
    <ClCompile Include="..\..\rpc\gen-cpp\IpcManageServer.cpp">
      <Filter>源文件</Filter>
    </ClCompile>
    <ClCompile Include="..\..\rpc\gen-cpp\IpcManageServer_constants.cpp">
      <Filter>源文件</Filter>
    </ClCompile>
    <ClCompile Include="..\..\rpc\gen-cpp\IpcManageServer_types.cpp">
      <Filter>源文件</Filter>
    </ClCompile>
    <ClCompile Include="..\..\rpc\gen-cpp\OperateStruct_constants.cpp">
      <Filter>源文件</Filter>
    </ClCompile>
    <ClCompile Include="..\..\rpc\gen-cpp\OperateStruct_types.cpp">
      <Filter>源文件</Filter>
    </ClCompile>
    <ClCompile Include="..\..\rpc\gen-cpp\ReturnStruct_constants.cpp">
      <Filter>源文件</Filter>
    </ClCompile>
    <ClCompile Include="..\..\rpc\gen-cpp\ReturnStruct_types.cpp">
      <Filter>源文件</Filter>
    </ClCompile>
    <ClCompile Include="..\..\rpc\gen-cpp\IpcManageServer_server.cpp">
      <Filter>源文件</Filter>
    </ClCompile>
    <ClCompile Include="..\..\rpc\gen-cpp\IpcManageServerHandler.cpp">
      <Filter>源文件</Filter>
    </ClCompile>
    <ClCompile Include="..\..\rpc\gen-cpp\IpcManageTools.cpp">
      <Filter>源文件</Filter>
    </ClCompile>
    <ClCompile Include="..\..\rpc\gen-cpp\MediaManagerStruct_constants.cpp">
      <Filter>源文件</Filter>
    </ClCompile>
    <ClCompile Include="..\..\rpc\gen-cpp\MediaManagerStruct_types.cpp">
      <Filter>源文件</Filter>
    </ClCompile>
    <ClCompile Include="..\..\rpc\gen-cpp\IpcManageTools_DH.cpp">
      <Filter>源文件</Filter>
    </ClCompile>
    <ClCompile Include="..\..\rpc\gen-cpp\IpcManageTools_HC.cpp">
      <Filter>源文件</Filter>
    </ClCompile>
    <ClCompile Include="..\..\rpc\gen-cpp\MediaManageTools.cpp">
      <Filter>源文件</Filter>
    </ClCompile>
    <ClCompile Include="..\..\thirdParty\sqlite\CppSQLite3.cpp">
      <Filter>源文件</Filter>
    </ClCompile>
    <ClCompile Include="Tools.cpp">
      <Filter>util</Filter>
    </ClCompile>
    <ClCompile Include="..\..\rpc\gen-cpp\log.cpp">
      <Filter>源文件</Filter>
    </ClCompile>
  </ItemGroup>
  <ItemGroup>
    <CustomBuild Include="binary_distrib\cef_binary_3.2217.1922_windows32\cefclient.gyp" />
  </ItemGroup>
</Project>